{
  "name": "the-includer",
  "version": "1.0.0",
  "lockfileVersion": 1,
  "requires": true,
  "dependencies": {
    "rcode5-package-versioning-tester": {
      "version": "1.1.0",
      "resolved": "https://registry.npmjs.org/rcode5-package-versioning-tester/-/rcode5-package-versioning-tester-1.1.0.tgz",
      "integrity": "sha512-XcQeNTT56R7CaTeVk4m2gDeUwolthoq48J3HH8nhGnLRGfb+AdESauKrR1sKY6FTFcNnSQ48FMtmgwOejvqmoQ=="
    }
  }
}
